PODS:
  - AFNetworking (2.0.3):
    - AFNetworking/NSURLConnection
    - AFNetworking/NSURLSession
    - AFNetworking/Reachability
    - AFNetworking/Security
    - AFNetworking/Serialization
    - AFNetworking/UIKit
  - AFNetworking/NSURLConnection (2.0.3):
    - AFNetworking/Reachability
    - AFNetworking/Security
    - AFNetworking/Serialization
  - AFNetworking/NSURLSession (2.0.3):
    - AFNetworking/NSURLConnection
  - AFNetworking/Reachability (2.0.3)
  - AFNetworking/Security (2.0.3)
  - AFNetworking/Serialization (2.0.3)
  - AFNetworking/UIKit (2.0.3):
    - AFNetworking/NSURLConnection
  - Bolts (1.1.0)
  - CocoaLumberjack (1.8.1):
    - CocoaLumberjack/Extensions
  - CocoaLumberjack/Core (1.8.1)
  - CocoaLumberjack/Extensions (1.8.1):
    - CocoaLumberjack/Core
  - Facebook-iOS-SDK (3.14.1):
    - Bolts
  - Nocilla (0.8.1)
  - Parse (1.2.19):
    - Facebook-iOS-SDK (~> 3.11)
  - SDWebImage (3.6):
    - SDWebImage/Core
  - SDWebImage-ProgressView (0.3.1):
    - SDWebImage (~> 3.0)
  - SDWebImage/Core (3.6)
  - SVProgressHUD (1.0)
  - TTTAttributedLabel (1.9.4)

DEPENDENCIES:
  - AFNetworking (~> 2.0.0)
  - CocoaLumberjack (~> 1.8.1)
  - Nocilla (~> 0.8.1)
  - Parse (~> 1.2.19)
  - SDWebImage (~> 3.6)
  - SDWebImage-ProgressView (~> 0.3.1)
  - SVProgressHUD (~> 1.0)
  - TTTAttributedLabel (~> 1.9.4)

SPEC CHECKSUMS:
  AFNetworking: a4d0e9a64de9242986620dafd1b3cee3b413ac5c
  Bolts: 91c2af8eae1d44e1dd75946a5b0ae04a43ea43e4
  CocoaLumberjack: 9d198d6e19909b3b113a38c5f06f7bb8eedd0427
  Facebook-iOS-SDK: e9b3d5ac54ee3e5e693f4eef470b97911b3d076d
  Nocilla: e573c2bf9113c8d77782b695a2f9362b7bc44e72
  Parse: ffebaecaddd32cb52671010f81567c298ff93d04
  SDWebImage: c6989652c1cdf27cbdf3f56957e2030f825af5bc
  SDWebImage-ProgressView: 7b7a9512cbf22d0d6e3d20d9aa8b03e1940d164f
  SVProgressHUD: 5034c6e22b8c2ca3e09402e48d41ed0340aa1c50
  TTTAttributedLabel: 57bdd0dd8676d58b24a5d0fd0e6c85aa8d0d045e

COCOAPODS: 0.33.1
