PODS:
  - AFNetworking (2.0.3):
    - AFNetworking/NSURLConnection
    - AFNetworking/NSURLSession
    - AFNetworking/Reachability
    - AFNetworking/Security
    - AFNetworking/Serialization
    - AFNetworking/UIKit
  - AFNetworking/NSURLConnection (2.0.3):
    - AFNetworking/Reachability
    - AFNetworking/Security
    - AFNetworking/Serialization
  - AFNetworking/NSURLSession (2.0.3):
    - AFNetworking/NSURLConnection
  - AFNetworking/Reachability (2.0.3)
  - AFNetworking/Security (2.0.3)
  - AFNetworking/Serialization (2.0.3)
  - AFNetworking/UIKit (2.0.3):
    - AFNetworking/NSURLConnection
  - CocoaLumberjack (1.8.1):
    - CocoaLumberjack/Extensions
  - CocoaLumberjack/Core (1.8.1)
  - CocoaLumberjack/Extensions (1.8.1):
    - CocoaLumberjack/Core
  - GoogleAnalytics-iOS-SDK (3.0.6)
  - GoogleTagManager (3.02)
  - M13Checkbox (1.0.0)
  - MZAppearance (1.1.2)
  - MZFormSheetController (2.3.4):
    - MZAppearance (~> 1.1.2)
  - NewRelicAgent (3.289)
  - Nocilla (0.8.1)
  - Reachability (3.1.1)
  - SDWebImage (3.6):
    - SDWebImage/Core
  - SDWebImage-ProgressView (0.3.1):
    - SDWebImage (~> 3.0)
  - SDWebImage/Core (3.6)
  - SVProgressHUD (1.0)
  - TestFlightFeedback (2.1.0):
    - TestFlightFeedback/Core
    - TestFlightSDK (>= 2.0)
  - TestFlightFeedback/Core (2.1.0):
    - TestFlightSDK (>= 2.0)
  - TestFlightLogger (0.0.3):
    - CocoaLumberjack
    - TestFlightSDK
  - TestFlightSDK (3.0.0)

DEPENDENCIES:
  - AFNetworking (~> 2.0.0)
  - CocoaLumberjack (~> 1.8.1)
  - GoogleAnalytics-iOS-SDK (~> 3.0.6)
  - GoogleTagManager (~> 3.02)
  - M13Checkbox (~> 1.0.0)
  - MZFormSheetController (~> 2.3.3)
  - NewRelicAgent (~> 3.289)
  - Nocilla (~> 0.8.1)
  - Reachability (~> 3.1.1)
  - SDWebImage (~> 3.6)
  - SDWebImage-ProgressView (~> 0.3.1)
  - SVProgressHUD (~> 1.0)
  - TestFlightFeedback (~> 2.1.0)
  - TestFlightLogger (~> 0.0.3)
  - TestFlightSDK (~> 3.0.0)

SPEC CHECKSUMS:
  AFNetworking: e499052cbf3d743e9bb727bb37adb9dc2547ba15
  CocoaLumberjack: 020378ec400d658923bf5887178394f65f052c90
  GoogleAnalytics-iOS-SDK: 16dfcc0c4491148bf372edc85a8470cc405ffb72
  GoogleTagManager: 7643e58a1dac068d93546f6b28d64d368f42bef1
  M13Checkbox: 6c69dbdad938764f3c2771f787f944440bf9806c
  MZAppearance: 75bc6c786025c311ebc247b01e1dead5cd29f7c5
  MZFormSheetController: e14169b86864f515905e3f2775b4d81a2fa836ac
  NewRelicAgent: c851e3d60e2450c6c3052cf5ae96d5651e930bda
  Nocilla: 0c8075046df476b1bc6482caa7f6a69db1a9b277
  Reachability: be4883bb93f31e38266ae3365e5600a317aae735
  SDWebImage: 7eb273e54ca8a2e506ad9bd5e80c35b2a4d7c95e
  SDWebImage-ProgressView: 472d7eb4ed2663109164afc13b936d8e3e5c8cd6
  SVProgressHUD: 5e10939a296debf5fe5a5895eda9539b8b2114f1
  TestFlightFeedback: 4d5f657b933bc8c054f44fc21a8b2dd302486988
  TestFlightLogger: 030f80932b79a0fc9414115a63c209bc62bb8f98
  TestFlightSDK: fe0567a897456b6f65b180541892ef0154986e01

COCOAPODS: 0.31.1
